
Microsoft Visual Studio Solution File, Format Version 11.00
# Visual Studio 2010
Project("{FAE04EC0-301F-11D3-BF4B-00C04F79EFBC}") = "Assembly-CSharp", "Assembly-CSharp.csproj", "{1B914A0D-3674-6DE3-AF3F-7D64003A0EF4}"
EndProject
Project("{FAE04EC0-301F-11D3-BF4B-00C04F79EFBC}") = "Assembly-CSharp-Editor-firstpass", "Assembly-CSharp-Editor-firstpass.csproj", "{67507A15-7165-2FA9-8F2E-4F1E0A3F471E}"
EndProject
Global
	GlobalSection(SolutionConfigurationPlatforms) = preSolution
		Debug|Any CPU = Debug|Any CPU
		Release|Any CPU = Release|Any CPU
	EndGlobalSection
	GlobalSection(ProjectConfigurationPlatforms) = postSolution
		{1B914A0D-3674-6DE3-AF3F-7D64003A0EF4}.Debug|Any CPU.ActiveCfg = Debug|Any CPU
		{1B914A0D-3674-6DE3-AF3F-7D64003A0EF4}.Debug|Any CPU.Build.0 = Debug|Any CPU
		{1B914A0D-3674-6DE3-AF3F-7D64003A0EF4}.Release|Any CPU.ActiveCfg = Release|Any CPU
		{1B914A0D-3674-6DE3-AF3F-7D64003A0EF4}.Release|Any CPU.Build.0 = Release|Any CPU
		{67507A15-7165-2FA9-8F2E-4F1E0A3F471E}.Debug|Any CPU.ActiveCfg = Debug|Any CPU
		{67507A15-7165-2FA9-8F2E-4F1E0A3F471E}.Debug|Any CPU.Build.0 = Debug|Any CPU
		{67507A15-7165-2FA9-8F2E-4F1E0A3F471E}.Release|Any CPU.ActiveCfg = Release|Any CPU
		{67507A15-7165-2FA9-8F2E-4F1E0A3F471E}.Release|Any CPU.Build.0 = Release|Any CPU
	EndGlobalSection
	GlobalSection(SolutionProperties) = preSolution
		HideSolutionNode = FALSE
	EndGlobalSection
EndGlobal
